
Microsoft Visual Studio Solution File, Format Version 12.00
# Visual Studio Version 16
VisualStudioVersion = 25.0.1706.0
MinimumVisualStudioVersion = 10.0.40219.1
Project("{FAE04EC0-301F-11D3-BF4B-00C04F79EFBC}") = "SecurityInDepth", "SecurityInDepth.csproj", "{1B14FDE2-1D99-4A2C-BA5D-39680367A530}"
EndProject
Global
	GlobalSection(SolutionConfigurationPlatforms) = preSolution
		Debug|Any CPU = Debug|Any CPU
		Release|Any CPU = Release|Any CPU
	EndGlobalSection
	GlobalSection(ProjectConfigurationPlatforms) = postSolution
		{1B14FDE2-1D99-4A2C-BA5D-39680367A530}.Debug|Any CPU.ActiveCfg = Debug|Any CPU
		{1B14FDE2-1D99-4A2C-BA5D-39680367A530}.Debug|Any CPU.Build.0 = Debug|Any CPU
		{1B14FDE2-1D99-4A2C-BA5D-39680367A530}.Release|Any CPU.ActiveCfg = Release|Any CPU
		{1B14FDE2-1D99-4A2C-BA5D-39680367A530}.Release|Any CPU.Build.0 = Release|Any CPU
	EndGlobalSection
	GlobalSection(SolutionProperties) = preSolution
		HideSolutionNode = FALSE
	EndGlobalSection
	GlobalSection(ExtensibilityGlobals) = postSolution
		SolutionGuid = {1A407A79-4B5D-4E70-96E3-849172F12EB7}
	EndGlobalSection
EndGlobal
